<?xml version="1.0" encoding="utf-8"?>
<Project ToolsVersion="4.0" xmlns="http://schemas.microsoft.com/developer/msbuild/2003">
  <ItemGroup>
    <Filter Include="01Engine">
      <UniqueIdentifier>{e5fccdcb-f299-4448-bdb6-01fa28039576}</UniqueIdentifier>
    </Filter>
    <Filter Include="02Shader">
      <UniqueIdentifier>{47a6a3f5-8cfd-436b-8d58-beccd108f3f3}</UniqueIdentifier>
      <Extensions>hlsl</Extensions>
    </Filter>
    <Filter Include="03Scene">
      <UniqueIdentifier>{c74b3161-dce0-4174-87d0-23f28f24e0ef}</UniqueIdentifier>
    </Filter>
    <Filter Include="03Scene\01Title">
      <UniqueIdentifier>{3e8418c9-64a5-4e5b-a989-cb294e37f0e4}</UniqueIdentifier>
    </Filter>
    <Filter Include="03Scene\02Play">
      <UniqueIdentifier>{e9064624-0c6b-4b9d-a45b-522af7bf3b72}</UniqueIdentifier>
    </Filter>
    <Filter Include="03Scene\04Clear">
      <UniqueIdentifier>{7955f22a-5ef1-43c3-a27c-fc7952b162f2}</UniqueIdentifier>
    </Filter>
    <Filter Include="03Scene\03Over">
      <UniqueIdentifier>{89f8e437-f747-469d-90e3-43c7635badc3}</UniqueIdentifier>
    </Filter>
    <Filter Include="01Engine\01DirectX">
      <UniqueIdentifier>{e56f8c9a-95a5-4ceb-b65f-5b8e572d087b}</UniqueIdentifier>
    </Filter>
    <Filter Include="01Engine\02GameObject">
      <UniqueIdentifier>{b450e438-c939-4b05-b319-0e3c0b4a335c}</UniqueIdentifier>
    </Filter>
    <Filter Include="01Engine\03Collider">
      <UniqueIdentifier>{7f19ecfb-5d70-4d31-a1f7-c9dd14bad324}</UniqueIdentifier>
    </Filter>
    <Filter Include="01Engine\00Resource">
      <UniqueIdentifier>{bedee914-5063-4c08-95bb-79c861b4969c}</UniqueIdentifier>
    </Filter>
    <Filter Include="00Manager">
      <UniqueIdentifier>{7db5fd46-de21-46f9-8afb-266d2183aa91}</UniqueIdentifier>
    </Filter>
    <Filter Include="01Engine\00Resource\imgui">
      <UniqueIdentifier>{612e8222-8e39-40fd-b667-53c79de35831}</UniqueIdentifier>
    </Filter>
    <Filter Include="Item">
      <UniqueIdentifier>{fd3012e6-becc-45de-98af-002547e727d7}</UniqueIdentifier>
    </Filter>
    <Filter Include="Stage">
      <UniqueIdentifier>{7f0c301f-851a-4def-8b67-bd80aaf54e9e}</UniqueIdentifier>
    </Filter>
    <Filter Include="Multipurpose">
      <UniqueIdentifier>{88ed1941-2d7b-4413-9a54-7a1aee039f7e}</UniqueIdentifier>
    </Filter>
    <Filter Include="Weapon">
      <UniqueIdentifier>{62759ed1-afb0-4a9c-9bd9-2f17f2baceae}</UniqueIdentifier>
    </Filter>
    <Filter Include="Multipurpose\UI">
      <UniqueIdentifier>{7d14f778-42c3-4989-88ec-d1eb3da81cd4}</UniqueIdentifier>
    </Filter>
    <Filter Include="Character">
      <UniqueIdentifier>{3f993f1b-fdaa-4f7d-aad0-7ba13451b7fa}</UniqueIdentifier>
    </Filter>
    <Filter Include="Character\Player">
      <UniqueIdentifier>{a1957ed1-345d-4cac-a8f6-3f32f1a82cd3}</UniqueIdentifier>
    </Filter>
    <Filter Include="Character\Enemy">
      <UniqueIdentifier>{b3e9ad57-7ede-4243-a75c-f023412d8a4d}</UniqueIdentifier>
    </Filter>
    <Filter Include="Character\State">
      <UniqueIdentifier>{47fa3746-8703-4873-a9df-67b2764c55c4}</UniqueIdentifier>
    </Filter>
  </ItemGroup>
  <ItemGroup>
    <ClCompile Include="Engine\BoxCollider.cpp">
      <Filter>01Engine\03Collider</Filter>
    </ClCompile>
    <ClCompile Include="Engine\Collider.cpp">
      <Filter>01Engine\03Collider</Filter>
    </ClCompile>
    <ClCompile Include="Engine\SphereCollider.cpp">
      <Filter>01Engine\03Collider</Filter>
    </ClCompile>
    <ClCompile Include="Engine\Direct3D.cpp">
      <Filter>01Engine\01DirectX</Filter>
    </ClCompile>
    <ClCompile Include="Engine\Fbx.cpp">
      <Filter>01Engine\01DirectX</Filter>
    </ClCompile>
    <ClCompile Include="Engine\FbxParts.cpp">
      <Filter>01Engine\01DirectX</Filter>
    </ClCompile>
    <ClCompile Include="Engine\Input.cpp">
      <Filter>01Engine\01DirectX</Filter>
    </ClCompile>
    <ClCompile Include="Engine\Sprite.cpp">
      <Filter>01Engine\01DirectX</Filter>
    </ClCompile>
    <ClCompile Include="Engine\Camera.cpp">
      <Filter>01Engine\02GameObject</Filter>
    </ClCompile>
    <ClCompile Include="Engine\GameObject.cpp">
      <Filter>01Engine\02GameObject</Filter>
    </ClCompile>
    <ClCompile Include="Engine\RootObject.cpp">
      <Filter>01Engine\02GameObject</Filter>
    </ClCompile>
    <ClCompile Include="Engine\CsvReader.cpp">
      <Filter>01Engine\00Resource</Filter>
    </ClCompile>
    <ClCompile Include="Engine\Image.cpp">
      <Filter>01Engine\00Resource</Filter>
    </ClCompile>
    <ClCompile Include="Engine\Model.cpp">
      <Filter>01Engine\00Resource</Filter>
    </ClCompile>
    <ClCompile Include="Engine\Main.cpp">
      <Filter>01Engine</Filter>
    </ClCompile>
    <ClCompile Include="Engine\SceneManager.cpp">
      <Filter>01Engine</Filter>
    </ClCompile>
    <ClCompile Include="Engine\Texture.cpp">
      <Filter>01Engine\01DirectX</Filter>
    </ClCompile>
    <ClCompile Include="Engine\Transform.cpp">
      <Filter>01Engine\02GameObject</Filter>
    </ClCompile>
    <ClCompile Include="Engine\Text.cpp">
      <Filter>01Engine\00Resource</Filter>
    </ClCompile>
    <ClCompile Include="Engine\Debug.cpp">
      <Filter>01Engine\00Resource</Filter>
    </ClCompile>
    <ClCompile Include="PlayScene.cpp">
      <Filter>03Scene\02Play</Filter>
    </ClCompile>
    <ClCompile Include="TitleScene.cpp">
      <Filter>03Scene\01Title</Filter>
    </ClCompile>
    <ClCompile Include="OverScene.cpp">
      <Filter>03Scene\03Over</Filter>
    </ClCompile>
    <ClCompile Include="ClearScene.cpp">
      <Filter>03Scene\04Clear</Filter>
    </ClCompile>
    <ClCompile Include="Crystal.cpp">
      <Filter>Item</Filter>
    </ClCompile>
    <ClCompile Include="Ground.cpp">
      <Filter>Stage</Filter>
    </ClCompile>
    <ClCompile Include="Player.cpp">
      <Filter>Character\Player</Filter>
    </ClCompile>
    <ClCompile Include="Aim.cpp">
      <Filter>Character\Player</Filter>
    </ClCompile>
    <ClCompile Include="Enemy_Ground.cpp">
      <Filter>Character\Enemy</Filter>
    </ClCompile>
    <ClCompile Include="Attack.cpp">
      <Filter>Character\Enemy</Filter>
    </ClCompile>
    <ClCompile Include="Enemy_Fly.cpp">
      <Filter>Character\Enemy</Filter>
    </ClCompile>
    <ClCompile Include="Bullet.cpp">
      <Filter>Weapon</Filter>
    </ClCompile>
    <ClCompile Include="Gun.cpp">
      <Filter>Weapon</Filter>
    </ClCompile>
    <ClCompile Include="ParticleEffect.cpp">
      <Filter>00Manager</Filter>
    </ClCompile>
    <ClCompile Include="EffectManager.cpp">
      <Filter>00Manager</Filter>
    </ClCompile>
    <ClCompile Include="AudioManager.cpp">
      <Filter>00Manager</Filter>
    </ClCompile>
    <ClCompile Include="Animation.cpp">
      <Filter>00Manager</Filter>
    </ClCompile>
    <ClCompile Include="ItemManager.cpp">
      <Filter>Item</Filter>
    </ClCompile>
    <ClCompile Include="MiniMap.cpp">
      <Filter>Multipurpose</Filter>
    </ClCompile>
    <ClCompile Include="EventManager.cpp">
      <Filter>Multipurpose</Filter>
    </ClCompile>
    <ClCompile Include="GameManager.cpp">
      <Filter>Multipurpose</Filter>
    </ClCompile>
    <ClCompile Include="GameSettings.cpp">
      <Filter>Multipurpose</Filter>
    </ClCompile>
    <ClCompile Include="SaveLoad.cpp">
      <Filter>Multipurpose</Filter>
    </ClCompile>
    <ClCompile Include="WeaponManager.cpp">
      <Filter>Weapon</Filter>
    </ClCompile>
    <ClCompile Include="Engine\imgui\imgui.cpp">
      <Filter>01Engine\00Resource\imgui</Filter>
    </ClCompile>
    <ClCompile Include="Engine\imgui\imgui_draw.cpp">
      <Filter>01Engine\00Resource\imgui</Filter>
    </ClCompile>
    <ClCompile Include="Engine\imgui\imgui_impl_dx11.cpp">
      <Filter>01Engine\00Resource\imgui</Filter>
    </ClCompile>
    <ClCompile Include="Engine\imgui\imgui_impl_win32.cpp">
      <Filter>01Engine\00Resource\imgui</Filter>
    </ClCompile>
    <ClCompile Include="Engine\imgui\imgui_tables.cpp">
      <Filter>01Engine\00Resource\imgui</Filter>
    </ClCompile>
    <ClCompile Include="Engine\imgui\imgui_widgets.cpp">
      <Filter>01Engine\00Resource\imgui</Filter>
    </ClCompile>
    <ClCompile Include="Engine\Audio.cpp">
      <Filter>01Engine\00Resource</Filter>
    </ClCompile>
    <ClCompile Include="InputManager.cpp">
      <Filter>Character\Player</Filter>
    </ClCompile>
    <ClCompile Include="StateManager.cpp">
      <Filter>Character\State</Filter>
    </ClCompile>
    <ClCompile Include="PlayerState.cpp">
      <Filter>Character\Player</Filter>
    </ClCompile>
    <ClCompile Include="UIManager.cpp">
      <Filter>Multipurpose\UI</Filter>
    </ClCompile>
    <ClCompile Include="Timer.cpp">
      <Filter>Multipurpose\UI</Filter>
    </ClCompile>
    <ClCompile Include="Score.cpp">
      <Filter>Multipurpose\UI</Filter>
    </ClCompile>
    <ClCompile Include="Gauge.cpp">
      <Filter>Multipurpose\UI</Filter>
    </ClCompile>
    <ClCompile Include="EnemyBase.h">
      <Filter>Character\Enemy</Filter>
    </ClCompile>
    <ClCompile Include="EnemyManager.cpp">
      <Filter>Character\Enemy</Filter>
    </ClCompile>
    <ClCompile Include="BulletBase.cpp">
      <Filter>Weapon</Filter>
    </ClCompile>
    <ClCompile Include="JsonReader.cpp" />
    <ClCompile Include="Enemy_Explosion.cpp">
      <Filter>Character\Enemy</Filter>
    </ClCompile>
  </ItemGroup>
  <ItemGroup>
    <ClInclude Include="Engine\BoxCollider.h">
      <Filter>01Engine\03Collider</Filter>
    </ClInclude>
    <ClInclude Include="Engine\Collider.h">
      <Filter>01Engine\03Collider</Filter>
    </ClInclude>
    <ClInclude Include="Engine\SphereCollider.h">
      <Filter>01Engine\03Collider</Filter>
    </ClInclude>
    <ClInclude Include="Engine\Direct3D.h">
      <Filter>01Engine\01DirectX</Filter>
    </ClInclude>
    <ClInclude Include="Engine\Fbx.h">
      <Filter>01Engine\01DirectX</Filter>
    </ClInclude>
    <ClInclude Include="Engine\FbxParts.h">
      <Filter>01Engine\01DirectX</Filter>
    </ClInclude>
    <ClInclude Include="Engine\Input.h">
      <Filter>01Engine\01DirectX</Filter>
    </ClInclude>
    <ClInclude Include="Engine\Sprite.h">
      <Filter>01Engine\01DirectX</Filter>
    </ClInclude>
    <ClInclude Include="Engine\Camera.h">
      <Filter>01Engine\02GameObject</Filter>
    </ClInclude>
    <ClInclude Include="Engine\GameObject.h">
      <Filter>01Engine\02GameObject</Filter>
    </ClInclude>
    <ClInclude Include="Engine\RootObject.h">
      <Filter>01Engine\02GameObject</Filter>
    </ClInclude>
    <ClInclude Include="Engine\CsvReader.h">
      <Filter>01Engine\00Resource</Filter>
    </ClInclude>
    <ClInclude Include="Engine\Image.h">
      <Filter>01Engine\00Resource</Filter>
    </ClInclude>
    <ClInclude Include="Engine\Model.h">
      <Filter>01Engine\00Resource</Filter>
    </ClInclude>
    <ClInclude Include="Engine\SceneManager.h">
      <Filter>01Engine</Filter>
    </ClInclude>
    <ClInclude Include="Engine\Texture.h">
      <Filter>01Engine\01DirectX</Filter>
    </ClInclude>
    <ClInclude Include="Engine\Transform.h">
      <Filter>01Engine\02GameObject</Filter>
    </ClInclude>
    <ClInclude Include="Engine\Audio.h">
      <Filter>01Engine\00Resource</Filter>
    </ClInclude>
    <ClInclude Include="Engine\Text.h">
      <Filter>01Engine\00Resource</Filter>
    </ClInclude>
    <ClInclude Include="Engine\Debug.h">
      <Filter>01Engine\00Resource</Filter>
    </ClInclude>
    <ClInclude Include="PlayScene.h">
      <Filter>03Scene\02Play</Filter>
    </ClInclude>
    <ClInclude Include="TitleScene.h">
      <Filter>03Scene\01Title</Filter>
    </ClInclude>
    <ClInclude Include="OverScene.h">
      <Filter>03Scene\03Over</Filter>
    </ClInclude>
    <ClInclude Include="ClearScene.h">
      <Filter>03Scene\04Clear</Filter>
    </ClInclude>
    <ClInclude Include="Crystal.h">
      <Filter>Item</Filter>
    </ClInclude>
    <ClInclude Include="Ground.h">
      <Filter>Stage</Filter>
    </ClInclude>
    <ClInclude Include="Engine\Global.h">
      <Filter>01Engine</Filter>
    </ClInclude>
    <ClInclude Include="Player.h">
      <Filter>Character\Player</Filter>
    </ClInclude>
    <ClInclude Include="Aim.h">
      <Filter>Character\Player</Filter>
    </ClInclude>
    <ClInclude Include="Enemy_Ground.h">
      <Filter>Character\Enemy</Filter>
    </ClInclude>
    <ClInclude Include="Attack.h">
      <Filter>Character\Enemy</Filter>
    </ClInclude>
    <ClInclude Include="Enemy_Fly.h">
      <Filter>Character\Enemy</Filter>
    </ClInclude>
    <ClInclude Include="Bullet.h">
      <Filter>Weapon</Filter>
    </ClInclude>
    <ClInclude Include="Gun.h">
      <Filter>Weapon</Filter>
    </ClInclude>
    <ClInclude Include="ParticleEffect.h">
      <Filter>00Manager</Filter>
    </ClInclude>
    <ClInclude Include="EffectManager.h">
      <Filter>00Manager</Filter>
    </ClInclude>
    <ClInclude Include="AudioManager.h">
      <Filter>00Manager</Filter>
    </ClInclude>
    <ClInclude Include="Animation.h">
      <Filter>00Manager</Filter>
    </ClInclude>
    <ClInclude Include="ItemManager.h">
      <Filter>Item</Filter>
    </ClInclude>
    <ClInclude Include="MiniMap.h">
      <Filter>Multipurpose</Filter>
    </ClInclude>
    <ClInclude Include="EventManager.h">
      <Filter>Multipurpose</Filter>
    </ClInclude>
    <ClInclude Include="GameManager.h">
      <Filter>Multipurpose</Filter>
    </ClInclude>
    <ClInclude Include="GameSettings.h">
      <Filter>Multipurpose</Filter>
    </ClInclude>
    <ClInclude Include="SaveLoad.h">
      <Filter>Multipurpose</Filter>
    </ClInclude>
    <ClInclude Include="WeaponManager.h">
      <Filter>Weapon</Filter>
    </ClInclude>
    <ClInclude Include="Engine\imgui\imconfig.h">
      <Filter>01Engine\00Resource\imgui</Filter>
    </ClInclude>
    <ClInclude Include="Engine\imgui\imgui.h">
      <Filter>01Engine\00Resource\imgui</Filter>
    </ClInclude>
    <ClInclude Include="Engine\imgui\imgui_impl_dx11.h">
      <Filter>01Engine\00Resource\imgui</Filter>
    </ClInclude>
    <ClInclude Include="Engine\imgui\imgui_impl_win32.h">
      <Filter>01Engine\00Resource\imgui</Filter>
    </ClInclude>
    <ClInclude Include="Engine\imgui\imgui_internal.h">
      <Filter>01Engine\00Resource\imgui</Filter>
    </ClInclude>
    <ClInclude Include="Engine\imgui\imstb_rectpack.h">
      <Filter>01Engine\00Resource\imgui</Filter>
    </ClInclude>
    <ClInclude Include="Engine\imgui\imstb_textedit.h">
      <Filter>01Engine\00Resource\imgui</Filter>
    </ClInclude>
    <ClInclude Include="Engine\imgui\imstb_truetype.h">
      <Filter>01Engine\00Resource\imgui</Filter>
    </ClInclude>
    <ClInclude Include="InputManager.h">
      <Filter>Character\Player</Filter>
    </ClInclude>
    <ClInclude Include="StateBase.h">
      <Filter>Character\State</Filter>
    </ClInclude>
    <ClInclude Include="StateManager.h">
      <Filter>Character\State</Filter>
    </ClInclude>
    <ClInclude Include="CharacterBase.h">
      <Filter>Character</Filter>
    </ClInclude>
    <ClInclude Include="PlayerState.h">
      <Filter>Character\Player</Filter>
    </ClInclude>
    <ClInclude Include="UIManager.h">
      <Filter>Multipurpose\UI</Filter>
    </ClInclude>
    <ClInclude Include="Timer.h">
      <Filter>Multipurpose\UI</Filter>
    </ClInclude>
    <ClInclude Include="Score.h">
      <Filter>Multipurpose\UI</Filter>
    </ClInclude>
    <ClInclude Include="Gauge.h">
      <Filter>Multipurpose\UI</Filter>
    </ClInclude>
    <ClInclude Include="EnemyManager.h">
      <Filter>Character\Enemy</Filter>
    </ClInclude>
    <ClInclude Include="json.hpp" />
    <ClInclude Include="BulletBase.h">
      <Filter>Weapon</Filter>
    </ClInclude>
    <ClInclude Include="JsonReader.h" />
    <ClInclude Include="Enemy_Explosion.h">
      <Filter>Character\Enemy</Filter>
    </ClInclude>
  </ItemGroup>
  <ItemGroup>
    <FxCompile Include="Assets\Shader\Simple2D.hlsl">
      <Filter>02Shader</Filter>
    </FxCompile>
    <FxCompile Include="Assets\Shader\Simple3D.hlsl">
      <Filter>02Shader</Filter>
    </FxCompile>
    <FxCompile Include="Assets\Shader\Debug3D.hlsl">
      <Filter>02Shader</Filter>
    </FxCompile>
  </ItemGroup>
</Project>